{
    "name": "packaging",
    "version": "0.0.0",
    "lockfileVersion": 3,
    "requires": true,
    "packages": {
        "": {
            "name": "packaging",
            "version": "0.0.0",
            "license": "MIT",
            "devDependencies": {
                "@types/node": "^25.5.2",
                "prettier": "^3.9.6"
            }
        },
        "node_modules/@types/node": {
            "version": "25.5.2",
            "resolved": "https://registry.npmjs.org/@types/node/-/node-25.5.2.tgz",
            "integrity": "sha512-tO4ZIRKNC+MDWV4qKVZe3Ql/woTnmHDr5JD8UI5hn2pwBrHEwOEMZK7WlNb5RKB6EoJ02gwmQS9OrjuFnZYdpg==",
            "dev": true,
            "license": "MIT",
            "dependencies": {
                "undici-types": "~7.18.0"
            }
        },
        "node_modules/prettier": {
            "version": "3.9.6",
            "resolved": "https://registry.npmjs.org/prettier/-/prettier-3.9.6.tgz",
            "integrity": "sha512-OpN0zzVdiaiAhxpuuj5efpIS4sY9j7bY6uR5mnj5yPzGkdkjNKSJeUThPb60Jw29QuAZgA4o+/iB49kFiaBX6g==",
            "dev": true,
            "license": "MIT",
            "bin": {
                "prettier": "bin/prettier.cjs"
            },
            "engines": {
                "node": ">=14"
            },
            "funding": {
                "url": "https://github.com/prettier/prettier?sponsor=1"
            }
        },
        "node_modules/undici-types": {
            "version": "7.18.2",
            "resolved": "https://registry.npmjs.org/undici-types/-/undici-types-7.18.2.tgz",
            "integrity": "sha512-AsuCzffGHJybSaRrmr5eHr81mwJU3kjw6M+uprWvCXiNeN9SOGwQ3Jn8jb8m3Z6izVgknn1R0FTCEAP2QrLY/w==",
            "dev": true,
            "license": "MIT"
        }
    }
}
